{
  "name": "tournamenttracker-web",
  "version": "1.0.0",
  "lockfileVersion": 2,
  "requires": true,
  "packages": {
    "": {
      "name": "tournamenttracker-web",
      "version": "1.0.0",
      "license": "ISC",
      "dependencies": {
        "tournament-tracker": "file:tournament-tracker-1.0.0.tgz"
      },
      "devDependencies": {
        "@types/node": "^17.0.24",
        "typescript": "^4.6.3"
      }
    },
    "../tracker": {
      "name": "tournamenttracker",
      "version": "1.0.0",
      "extraneous": true,
      "hasInstallScript": true,
      "devDependencies": {
        "@babel/cli": "^7.17.6",
        "@babel/core": "^7.17.9",
        "@babel/preset-env": "^7.16.11",
        "jest": "^27.5.1",
        "rimraf": "^3.0.2"
      }
    },
    "node_modules/@types/node": {
      "version": "17.0.24",
      "resolved": "https://registry.npmjs.org/@types/node/-/node-17.0.24.tgz",
      "integrity": "sha512-aveCYRQbgTH9Pssp1voEP7HiuWlD2jW2BO56w+bVrJn04i61yh6mRfoKO6hEYQD9vF+W8Chkwc6j1M36uPkx4g==",
      "dev": true
    },
    "node_modules/tournament-tracker": {
      "version": "1.0.0",
      "resolved": "file:tournament-tracker-1.0.0.tgz",
      "integrity": "sha512-1iPszW9LUBQy1EOHP2Rpz8DM49NspekuUTBnUHjXZfOPbbEY5ASc26XaNcDydkPV6uzTICL7s2bskJY4ts7UYA==",
      "hasInstallScript": true
    },
    "node_modules/typescript": {
      "version": "4.6.3",
      "resolved": "https://registry.npmjs.org/typescript/-/typescript-4.6.3.tgz",
      "integrity": "sha512-yNIatDa5iaofVozS/uQJEl3JRWLKKGJKh6Yaiv0GLGSuhpFJe7P3SbHZ8/yjAHRQwKRoA6YZqlfjXWmVzoVSMw==",
      "dev": true,
      "bin": {
        "tsc": "bin/tsc",
        "tsserver": "bin/tsserver"
      },
      "engines": {
        "node": ">=4.2.0"
      }
    }
  },
  "dependencies": {
    "@types/node": {
      "version": "17.0.24",
      "resolved": "https://registry.npmjs.org/@types/node/-/node-17.0.24.tgz",
      "integrity": "sha512-aveCYRQbgTH9Pssp1voEP7HiuWlD2jW2BO56w+bVrJn04i61yh6mRfoKO6hEYQD9vF+W8Chkwc6j1M36uPkx4g==",
      "dev": true
    },
    "tournament-tracker": {
      "version": "file:tournament-tracker-1.0.0.tgz",
      "integrity": "sha512-1iPszW9LUBQy1EOHP2Rpz8DM49NspekuUTBnUHjXZfOPbbEY5ASc26XaNcDydkPV6uzTICL7s2bskJY4ts7UYA=="
    },
    "typescript": {
      "version": "4.6.3",
      "resolved": "https://registry.npmjs.org/typescript/-/typescript-4.6.3.tgz",
      "integrity": "sha512-yNIatDa5iaofVozS/uQJEl3JRWLKKGJKh6Yaiv0GLGSuhpFJe7P3SbHZ8/yjAHRQwKRoA6YZqlfjXWmVzoVSMw==",
      "dev": true
    }
  }
}
